<?xml version="1.0" encoding="utf-8"?>
<Project ToolsVersion="4.0" xmlns="http://schemas.microsoft.com/developer/msbuild/2003">
  <ItemGroup>
    <Filter Include="Platform">
      <UniqueIdentifier>{2AC788B4-1694-E3BF-3FAD-D1672BD9184E}</UniqueIdentifier>
    </Filter>
    <Filter Include="Platform\OpenGL">
      <UniqueIdentifier>{1E7D2C1D-8A08-9AE1-9319-1DD6FF23F6E1}</UniqueIdentifier>
    </Filter>
    <Filter Include="Platform\Windows">
      <UniqueIdentifier>{64FBD71A-50F4-F66C-7926-DCF1657ED678}</UniqueIdentifier>
    </Filter>
    <Filter Include="Tars">
      <UniqueIdentifier>{1FCB8C7C-0B02-8E0D-B4EE-7310A0040A0F}</UniqueIdentifier>
    </Filter>
    <Filter Include="Tars\Events">
      <UniqueIdentifier>{23DE4802-8F93-C1F7-1888-BBCE843CB8FB}</UniqueIdentifier>
    </Filter>
    <Filter Include="Tars\ImGui">
      <UniqueIdentifier>{89DB0EE9-7593-5036-DE9A-2992CA71EB26}</UniqueIdentifier>
    </Filter>
  </ItemGroup>
  <ItemGroup>
    <ClInclude Include="src\Platform\OpenGL\ImGuiOpenGLRenderer.h">
      <Filter>Platform\OpenGL</Filter>
    </ClInclude>
    <ClInclude Include="src\Platform\Windows\WindowsWindow.h">
      <Filter>Platform\Windows</Filter>
    </ClInclude>
    <ClInclude Include="src\Tars.h" />
    <ClInclude Include="src\Tars\Application.h">
      <Filter>Tars</Filter>
    </ClInclude>
    <ClInclude Include="src\Tars\Core.h">
      <Filter>Tars</Filter>
    </ClInclude>
    <ClInclude Include="src\Tars\EntryPoint.h">
      <Filter>Tars</Filter>
    </ClInclude>
    <ClInclude Include="src\Tars\Events\ApplicationEvent.h">
      <Filter>Tars\Events</Filter>
    </ClInclude>
    <ClInclude Include="src\Tars\Events\Event.h">
      <Filter>Tars\Events</Filter>
    </ClInclude>
    <ClInclude Include="src\Tars\Events\KeyEvent.h">
      <Filter>Tars\Events</Filter>
    </ClInclude>
    <ClInclude Include="src\Tars\Events\MouseEvent.h">
      <Filter>Tars\Events</Filter>
    </ClInclude>
    <ClInclude Include="src\Tars\ImGui\ImGuiLayer.h">
      <Filter>Tars\ImGui</Filter>
    </ClInclude>
    <ClInclude Include="src\Tars\Layer.h">
      <Filter>Tars</Filter>
    </ClInclude>
    <ClInclude Include="src\Tars\LayerStack.h">
      <Filter>Tars</Filter>
    </ClInclude>
    <ClInclude Include="src\Tars\Log.h">
      <Filter>Tars</Filter>
    </ClInclude>
    <ClInclude Include="src\Tars\Window.h">
      <Filter>Tars</Filter>
    </ClInclude>
    <ClInclude Include="src\tarspch.h" />
  </ItemGroup>
  <ItemGroup>
    <ClCompile Include="src\Platform\OpenGL\ImGuiOpenGLRenderer.cpp">
      <Filter>Platform\OpenGL</Filter>
    </ClCompile>
    <ClCompile Include="src\Platform\Windows\WindowsWindow.cpp">
      <Filter>Platform\Windows</Filter>
    </ClCompile>
    <ClCompile Include="src\Tars\Application.cpp">
      <Filter>Tars</Filter>
    </ClCompile>
    <ClCompile Include="src\Tars\ImGui\ImGuiLayer.cpp">
      <Filter>Tars\ImGui</Filter>
    </ClCompile>
    <ClCompile Include="src\Tars\Layer.cpp">
      <Filter>Tars</Filter>
    </ClCompile>
    <ClCompile Include="src\Tars\LayerStack.cpp">
      <Filter>Tars</Filter>
    </ClCompile>
    <ClCompile Include="src\Tars\Log.cpp">
      <Filter>Tars</Filter>
    </ClCompile>
    <ClCompile Include="src\tarspch.cpp" />
  </ItemGroup>
</Project>