<?xml version="1.0" encoding="utf-8"?>
<Project ToolsVersion="4.0" xmlns="http://schemas.microsoft.com/developer/msbuild/2003">
  <ItemGroup>
    <Filter Include="Tars">
      <UniqueIdentifier>{1FCB8C7C-0B02-8E0D-B4EE-7310A0040A0F}</UniqueIdentifier>
    </Filter>
    <Filter Include="Tars\Events">
      <UniqueIdentifier>{23DE4802-8F93-C1F7-1888-BBCE843CB8FB}</UniqueIdentifier>
    </Filter>
  </ItemGroup>
  <ItemGroup>
    <ClInclude Include="src\Tars.h" />
    <ClInclude Include="src\Tars\Application.h">
      <Filter>Tars</Filter>
    </ClInclude>
    <ClInclude Include="src\Tars\Core.h">
      <Filter>Tars</Filter>
    </ClInclude>
    <ClInclude Include="src\Tars\EntryPoint.h">
      <Filter>Tars</Filter>
    </ClInclude>
    <ClInclude Include="src\Tars\Events\ApplicationEvent.h">
      <Filter>Tars\Events</Filter>
    </ClInclude>
    <ClInclude Include="src\Tars\Events\Event.h">
      <Filter>Tars\Events</Filter>
    </ClInclude>
    <ClInclude Include="src\Tars\Events\KeyEvent.h">
      <Filter>Tars\Events</Filter>
    </ClInclude>
    <ClInclude Include="src\Tars\Events\MouseEvent.h">
      <Filter>Tars\Events</Filter>
    </ClInclude>
    <ClInclude Include="src\Tars\Log.h">
      <Filter>Tars</Filter>
    </ClInclude>
  </ItemGroup>
  <ItemGroup>
    <ClCompile Include="src\Tars\Application.cpp">
      <Filter>Tars</Filter>
    </ClCompile>
    <ClCompile Include="src\Tars\Log.cpp">
      <Filter>Tars</Filter>
    </ClCompile>
  </ItemGroup>
</Project>